
Microsoft Visual Studio Solution File, Format Version 12.00
# Visual Studio Version 16
VisualStudioVersion = 16.0.31019.35
MinimumVisualStudioVersion = 10.0.40219.1
Project("{FAE04EC0-301F-11D3-BF4B-00C04F79EFBC}") = "Vehicles", "Vehicles\Vehicles.csproj", "{04448564-E366-4FB3-8E22-5183254D8CDA}"
EndProject
Global
	GlobalSection(SolutionConfigurationPlatforms) = preSolution
		Debug|Any CPU = Debug|Any CPU
		Release|Any CPU = Release|Any CPU
	EndGlobalSection
	GlobalSection(ProjectConfigurationPlatforms) = postSolution
		{04448564-E366-4FB3-8E22-5183254D8CDA}.Debug|Any CPU.ActiveCfg = Debug|Any CPU
		{04448564-E366-4FB3-8E22-5183254D8CDA}.Debug|Any CPU.Build.0 = Debug|Any CPU
		{04448564-E366-4FB3-8E22-5183254D8CDA}.Release|Any CPU.ActiveCfg = Release|Any CPU
		{04448564-E366-4FB3-8E22-5183254D8CDA}.Release|Any CPU.Build.0 = Release|Any CPU
	EndGlobalSection
	GlobalSection(SolutionProperties) = preSolution
		HideSolutionNode = FALSE
	EndGlobalSection
	GlobalSection(ExtensibilityGlobals) = postSolution
		SolutionGuid = {80F867ED-17DC-4C51-AA20-C80D6517505E}
	EndGlobalSection
EndGlobal
